<Solution>
  <Configurations>
    <Platform Name="ARM64" />
    <Platform Name="Win32" />
    <Platform Name="x64" />
  </Configurations>
  <Folder Name="/fmt/">
    <Project Path="ace.vcxproj" Id="a0c8ba6c-c2b8-4af0-a4cf-aabfe0f2df97" />
    <Project Path="arc.vcxproj" Id="ed958d37-dae2-4ca1-98ae-7c310db3bc72" />
    <Project Path="arj.vcxproj" Id="ca4796b8-ee04-40c9-a1de-4a6645856e6f" />
    <Project Path="cab.vcxproj" Id="797917b6-c8c8-4d0a-a417-407894fecc97" />
    <Project Path="ha.vcxproj" Id="f208d520-150c-4e92-8dfe-80d44e04162a" />
    <Project Path="lzh.vcxproj" Id="fde27834-8cd2-45a3-8a7c-95f0525e3bf9" />
    <Project Path="rar.vcxproj" Id="c8dc84fc-a2d1-4d0e-9150-bf62c87bc603" />
    <Project Path="targz.vcxproj" Id="940e6b05-35e5-4ff2-bfb1-238fe6056069" />
    <Project Path="zip.vcxproj" Id="8e23ed24-ecd7-4950-8230-9ff7c6c684c4" />
  </Folder>
  <Folder Name="/fmt/custom/">
    <Project Path="custom.vcxproj" Id="9cf69dbb-650d-4423-8fd2-d291a71b6cc9" />
    <Project Path="libpcre/pcre.vcxproj" Id="50fce411-da6e-432a-8224-265d52d09058" />
  </Folder>
  <Project Path="MultiArc.vcxproj" Id="7ef4d5dd-4136-42ab-893b-be75b63a2217" />
</Solution>
